
Microsoft Visual Studio Solution File, Format Version 12.00
# Visual Studio Version 17
VisualStudioVersion = 17.5.33424.131
MinimumVisualStudioVersion = 10.0.40219.1
Project("{9A19103F-16F7-4668-BE54-9A1E7A4F7556}") = "EmainesChat.API", "EmainesChat.API\EmainesChat.API.csproj", "{ED96E795-2669-4AEC-AB40-73907A7F43CE}"
EndProject
Project("{FAE04EC0-301F-11D3-BF4B-00C04F79EFBC}") = "EmainesChat.Domain", "EmainesChat.Domain\EmainesChat.Domain.csproj", "{321068F1-7373-4AAE-8E79-47A78AA143CA}"
EndProject
Project("{FAE04EC0-301F-11D3-BF4B-00C04F79EFBC}") = "EmainesChat.Application", "EmainesChat.Application\EmainesChat.Application.csproj", "{55026AC0-34A2-4B56-972D-5D4B8AC53FF4}"
EndProject
Project("{FAE04EC0-301F-11D3-BF4B-00C04F79EFBC}") = "EmainesChat.Infrastructure", "EmainesChat.Infrastructure\EmainesChat.Infrastructure.csproj", "{44F9EC29-1DE6-4869-B484-6662ECD08D22}"
EndProject
Project("{2150E333-8FDC-42A3-9474-1A3956D46DE8}") = "1.Domain", "1.Domain", "{F1A2B3C4-D5E6-4F7A-8B9C-D0E1F2A3B4C5}"
EndProject
Project("{2150E333-8FDC-42A3-9474-1A3956D46DE8}") = "2.Application", "2.Application", "{E2F3A4B5-C6D7-4E8F-9A0B-C1D2E3F4A5B6}"
EndProject
Project("{2150E333-8FDC-42A3-9474-1A3956D46DE8}") = "3.Infrastructure", "3.Infrastructure", "{D3E4F5A6-B7C8-4D9E-0F1A-B2C3D4E5F6A7}"
EndProject
Project("{2150E333-8FDC-42A3-9474-1A3956D46DE8}") = "4.Presentation", "4.Presentation", "{42C7A524-4B80-40DB-99D8-F1548E798318}"
EndProject
Global
	GlobalSection(SolutionConfigurationPlatforms) = preSolution
		Debug|Any CPU = Debug|Any CPU
		Debug|x64 = Debug|x64
		Debug|x86 = Debug|x86
		Release|Any CPU = Release|Any CPU
		Release|x64 = Release|x64
		Release|x86 = Release|x86
	EndGlobalSection
	GlobalSection(ProjectConfigurationPlatforms) = postSolution
		{ED96E795-2669-4AEC-AB40-73907A7F43CE}.Debug|Any CPU.ActiveCfg = Debug|Any CPU
		{ED96E795-2669-4AEC-AB40-73907A7F43CE}.Debug|Any CPU.Build.0 = Debug|Any CPU
		{ED96E795-2669-4AEC-AB40-73907A7F43CE}.Debug|x64.ActiveCfg = Debug|Any CPU
		{ED96E795-2669-4AEC-AB40-73907A7F43CE}.Debug|x64.Build.0 = Debug|Any CPU
		{ED96E795-2669-4AEC-AB40-73907A7F43CE}.Debug|x86.ActiveCfg = Debug|Any CPU
		{ED96E795-2669-4AEC-AB40-73907A7F43CE}.Debug|x86.Build.0 = Debug|Any CPU
		{ED96E795-2669-4AEC-AB40-73907A7F43CE}.Release|Any CPU.ActiveCfg = Release|Any CPU
		{ED96E795-2669-4AEC-AB40-73907A7F43CE}.Release|Any CPU.Build.0 = Release|Any CPU
		{ED96E795-2669-4AEC-AB40-73907A7F43CE}.Release|x64.ActiveCfg = Release|Any CPU
		{ED96E795-2669-4AEC-AB40-73907A7F43CE}.Release|x64.Build.0 = Release|Any CPU
		{ED96E795-2669-4AEC-AB40-73907A7F43CE}.Release|x86.ActiveCfg = Release|Any CPU
		{ED96E795-2669-4AEC-AB40-73907A7F43CE}.Release|x86.Build.0 = Release|Any CPU
		{321068F1-7373-4AAE-8E79-47A78AA143CA}.Debug|Any CPU.ActiveCfg = Debug|Any CPU
		{321068F1-7373-4AAE-8E79-47A78AA143CA}.Debug|Any CPU.Build.0 = Debug|Any CPU
		{321068F1-7373-4AAE-8E79-47A78AA143CA}.Debug|x64.ActiveCfg = Debug|Any CPU
		{321068F1-7373-4AAE-8E79-47A78AA143CA}.Debug|x64.Build.0 = Debug|Any CPU
		{321068F1-7373-4AAE-8E79-47A78AA143CA}.Debug|x86.ActiveCfg = Debug|Any CPU
		{321068F1-7373-4AAE-8E79-47A78AA143CA}.Debug|x86.Build.0 = Debug|Any CPU
		{321068F1-7373-4AAE-8E79-47A78AA143CA}.Release|Any CPU.ActiveCfg = Release|Any CPU
		{321068F1-7373-4AAE-8E79-47A78AA143CA}.Release|Any CPU.Build.0 = Release|Any CPU
		{321068F1-7373-4AAE-8E79-47A78AA143CA}.Release|x64.ActiveCfg = Release|Any CPU
		{321068F1-7373-4AAE-8E79-47A78AA143CA}.Release|x64.Build.0 = Release|Any CPU
		{321068F1-7373-4AAE-8E79-47A78AA143CA}.Release|x86.ActiveCfg = Release|Any CPU
		{321068F1-7373-4AAE-8E79-47A78AA143CA}.Release|x86.Build.0 = Release|Any CPU
		{55026AC0-34A2-4B56-972D-5D4B8AC53FF4}.Debug|Any CPU.ActiveCfg = Debug|Any CPU
		{55026AC0-34A2-4B56-972D-5D4B8AC53FF4}.Debug|Any CPU.Build.0 = Debug|Any CPU
		{55026AC0-34A2-4B56-972D-5D4B8AC53FF4}.Debug|x64.ActiveCfg = Debug|Any CPU
		{55026AC0-34A2-4B56-972D-5D4B8AC53FF4}.Debug|x64.Build.0 = Debug|Any CPU
		{55026AC0-34A2-4B56-972D-5D4B8AC53FF4}.Debug|x86.ActiveCfg = Debug|Any CPU
		{55026AC0-34A2-4B56-972D-5D4B8AC53FF4}.Debug|x86.Build.0 = Debug|Any CPU
		{55026AC0-34A2-4B56-972D-5D4B8AC53FF4}.Release|Any CPU.ActiveCfg = Release|Any CPU
		{55026AC0-34A2-4B56-972D-5D4B8AC53FF4}.Release|Any CPU.Build.0 = Release|Any CPU
		{55026AC0-34A2-4B56-972D-5D4B8AC53FF4}.Release|x64.ActiveCfg = Release|Any CPU
		{55026AC0-34A2-4B56-972D-5D4B8AC53FF4}.Release|x64.Build.0 = Release|Any CPU
		{55026AC0-34A2-4B56-972D-5D4B8AC53FF4}.Release|x86.ActiveCfg = Release|Any CPU
		{55026AC0-34A2-4B56-972D-5D4B8AC53FF4}.Release|x86.Build.0 = Release|Any CPU
		{44F9EC29-1DE6-4869-B484-6662ECD08D22}.Debug|Any CPU.ActiveCfg = Debug|Any CPU
		{44F9EC29-1DE6-4869-B484-6662ECD08D22}.Debug|Any CPU.Build.0 = Debug|Any CPU
		{44F9EC29-1DE6-4869-B484-6662ECD08D22}.Debug|x64.ActiveCfg = Debug|Any CPU
		{44F9EC29-1DE6-4869-B484-6662ECD08D22}.Debug|x64.Build.0 = Debug|Any CPU
		{44F9EC29-1DE6-4869-B484-6662ECD08D22}.Debug|x86.ActiveCfg = Debug|Any CPU
		{44F9EC29-1DE6-4869-B484-6662ECD08D22}.Debug|x86.Build.0 = Debug|Any CPU
		{44F9EC29-1DE6-4869-B484-6662ECD08D22}.Release|Any CPU.ActiveCfg = Release|Any CPU
		{44F9EC29-1DE6-4869-B484-6662ECD08D22}.Release|Any CPU.Build.0 = Release|Any CPU
		{44F9EC29-1DE6-4869-B484-6662ECD08D22}.Release|x64.ActiveCfg = Release|Any CPU
		{44F9EC29-1DE6-4869-B484-6662ECD08D22}.Release|x64.Build.0 = Release|Any CPU
		{44F9EC29-1DE6-4869-B484-6662ECD08D22}.Release|x86.ActiveCfg = Release|Any CPU
		{44F9EC29-1DE6-4869-B484-6662ECD08D22}.Release|x86.Build.0 = Release|Any CPU
	EndGlobalSection
	GlobalSection(SolutionProperties) = preSolution
		HideSolutionNode = FALSE
	EndGlobalSection
	GlobalSection(NestedProjects) = preSolution
		{321068F1-7373-4AAE-8E79-47A78AA143CA} = {F1A2B3C4-D5E6-4F7A-8B9C-D0E1F2A3B4C5}
		{55026AC0-34A2-4B56-972D-5D4B8AC53FF4} = {E2F3A4B5-C6D7-4E8F-9A0B-C1D2E3F4A5B6}
		{44F9EC29-1DE6-4869-B484-6662ECD08D22} = {D3E4F5A6-B7C8-4D9E-0F1A-B2C3D4E5F6A7}
		{ED96E795-2669-4AEC-AB40-73907A7F43CE} = {42C7A524-4B80-40DB-99D8-F1548E798318}
	EndGlobalSection
	GlobalSection(ExtensibilityGlobals) = postSolution
		SolutionGuid = {9EB22518-46D2-413F-826E-C22CB5E8AB67}
	EndGlobalSection
EndGlobal
